<?xml version="1.0" encoding="UTF-8"?>
<Scheme
   LastUpgradeVersion = "1600"
   version = "1.7">
   <BuildAction
      parallelizeBuildables = "YES"
      buildImplicitDependencies = "YES"
      runPostActionsOnFailure = "NO">
      <PreActions>
         <ExecutionAction
            ActionType = "Xcode.IDEStandardExecutionActionsCore.ExecutionActionType.ShellScriptAction">
            <ActionContent
               title = "Trust Swift macros"
               scriptText = "mkdir -p &quot;${HOME}/Library/org.swift.swiftpm/security&quot;&#10;cp &quot;${SRCROOT}/ci_scripts/macros.json&quot; &quot;${HOME}/Library/org.swift.swiftpm/security/macros.json&quot;">
               <EnvironmentBuildable>
                  <BuildableReference
                     BuildableIdentifier = "primary"
                     BlueprintIdentifier = "246E72F836CA080850FAB3BC"
                     BuildableName = "CivicMemo.app"
                     BlueprintName = "CivicMemo"
                     ReferencedContainer = "container:CivicMemo.xcodeproj">
                  </BuildableReference>
               </EnvironmentBuildable>
            </ActionContent>
         </ExecutionAction>
      </PreActions>
      <BuildActionEntries>
         <BuildActionEntry
            buildForTesting = "YES"
            buildForRunning = "YES"
            buildForProfiling = "YES"
            buildForArchiving = "YES"
            buildForAnalyzing = "YES">
            <BuildableReference
               BuildableIdentifier = "primary"
               BlueprintIdentifier = "246E72F836CA080850FAB3BC"
               BuildableName = "CivicMemo.app"
               BlueprintName = "CivicMemo"
               ReferencedContainer = "container:CivicMemo.xcodeproj">
            </BuildableReference>
         </BuildActionEntry>
         <BuildActionEntry
            buildForTesting = "YES"
            buildForRunning = "NO"
            buildForProfiling = "NO"
            buildForArchiving = "NO"
            buildForAnalyzing = "NO">
            <BuildableReference
               BuildableIdentifier = "primary"
               BlueprintIdentifier = "7A80A5A8210559447A8C16DA"
               BuildableName = "CivicMemoTests.xctest"
               BlueprintName = "CivicMemoTests"
               ReferencedContainer = "container:CivicMemo.xcodeproj">
            </BuildableReference>
         </BuildActionEntry>
      </BuildActionEntries>
   </BuildAction>
   <TestAction
      buildConfiguration = "Debug"
      selectedDebuggerIdentifier = "Xcode.DebuggerFoundation.Debugger.LLDB"
      selectedLauncherIdentifier = "Xcode.DebuggerFoundation.Launcher.LLDB"
      shouldUseLaunchSchemeArgsEnv = "YES"
      onlyGenerateCoverageForSpecifiedTargets = "NO">
      <MacroExpansion>
         <BuildableReference
            BuildableIdentifier = "primary"
            BlueprintIdentifier = "246E72F836CA080850FAB3BC"
            BuildableName = "CivicMemo.app"
            BlueprintName = "CivicMemo"
            ReferencedContainer = "container:CivicMemo.xcodeproj">
         </BuildableReference>
      </MacroExpansion>
      <Testables>
         <TestableReference
            skipped = "NO"
            parallelizable = "NO">
            <BuildableReference
               BuildableIdentifier = "primary"
               BlueprintIdentifier = "7A80A5A8210559447A8C16DA"
               BuildableName = "CivicMemoTests.xctest"
               BlueprintName = "CivicMemoTests"
               ReferencedContainer = "container:CivicMemo.xcodeproj">
            </BuildableReference>
         </TestableReference>
      </Testables>
      <CommandLineArguments>
      </CommandLineArguments>
   </TestAction>
   <LaunchAction
      buildConfiguration = "Debug"
      selectedDebuggerIdentifier = "Xcode.DebuggerFoundation.Debugger.LLDB"
      selectedLauncherIdentifier = "Xcode.DebuggerFoundation.Launcher.LLDB"
      launchStyle = "0"
      useCustomWorkingDirectory = "NO"
      ignoresPersistentStateOnLaunch = "NO"
      debugDocumentVersioning = "YES"
      debugServiceExtension = "internal"
      allowLocationSimulation = "YES">
      <BuildableProductRunnable
         runnableDebuggingMode = "0">
         <BuildableReference
            BuildableIdentifier = "primary"
            BlueprintIdentifier = "246E72F836CA080850FAB3BC"
            BuildableName = "CivicMemo.app"
            BlueprintName = "CivicMemo"
            ReferencedContainer = "container:CivicMemo.xcodeproj">
         </BuildableReference>
      </BuildableProductRunnable>
      <CommandLineArguments>
      </CommandLineArguments>
   </LaunchAction>
   <ProfileAction
      buildConfiguration = "Release"
      shouldUseLaunchSchemeArgsEnv = "YES"
      savedToolIdentifier = ""
      useCustomWorkingDirectory = "NO"
      debugDocumentVersioning = "YES">
      <BuildableProductRunnable
         runnableDebuggingMode = "0">
         <BuildableReference
            BuildableIdentifier = "primary"
            BlueprintIdentifier = "246E72F836CA080850FAB3BC"
            BuildableName = "CivicMemo.app"
            BlueprintName = "CivicMemo"
            ReferencedContainer = "container:CivicMemo.xcodeproj">
         </BuildableReference>
      </BuildableProductRunnable>
   </ProfileAction>
   <AnalyzeAction
      buildConfiguration = "Debug">
   </AnalyzeAction>
   <ArchiveAction
      buildConfiguration = "Release"
      revealArchiveInOrganizer = "YES">
      <PreActions>
         <ExecutionAction
            ActionType = "Xcode.IDEStandardExecutionActionsCore.ExecutionActionType.ShellScriptAction">
            <ActionContent
               title = "Trust Swift macros"
               scriptText = "mkdir -p &quot;${HOME}/Library/org.swift.swiftpm/security&quot;&#10;cp &quot;${SRCROOT}/ci_scripts/macros.json&quot; &quot;${HOME}/Library/org.swift.swiftpm/security/macros.json&quot;">
               <EnvironmentBuildable>
                  <BuildableReference
                     BuildableIdentifier = "primary"
                     BlueprintIdentifier = "246E72F836CA080850FAB3BC"
                     BuildableName = "CivicMemo.app"
                     BlueprintName = "CivicMemo"
                     ReferencedContainer = "container:CivicMemo.xcodeproj">
                  </BuildableReference>
               </EnvironmentBuildable>
            </ActionContent>
         </ExecutionAction>
      </PreActions>
   </ArchiveAction>
</Scheme>
